{
  "name": "ticTacToe",
  "lockfileVersion": 2,
  "requires": true,
  "packages": {
    "": {
      "dependencies": {
        "server": "github:geetanjalikore/server"
      }
    },
    "node_modules/server": {
      "version": "1.0.0",
      "resolved": "git+ssh://git@github.com/geetanjalikore/server.git#5e1cbb8c75505b80605dde03278d3e2e3849ca5c",
      "license": "ISC"
    }
  },
  "dependencies": {
    "server": {
      "version": "git+ssh://git@github.com/geetanjalikore/server.git#5e1cbb8c75505b80605dde03278d3e2e3849ca5c",
      "from": "server@https://github.com/geetanjalikore/server"
    }
  }
}
